<Solution>
  <Configurations>
    <Platform Name="Any CPU" />
    <Platform Name="x64" />
  </Configurations>
  <Folder Name="/scripts/">
    <File Path="scripts/configure-auth.ps1" />
    <File Path="scripts/version.ps1" />
  </Folder>
  <Folder Name="/Solution Items/">
    <File Path=".editorconfig" />
    <File Path="Directory.Build.props" />
    <File Path="Directory.Packages.props" />
    <File Path="global.json" />
    <File Path="nuget.config" />
    <File Path="README.md" />
  </Folder>
  <Folder Name="/src/" />
  <Folder Name="/src/App/">
    <Project Path="src/App/Kakehashi.App.Infrastructure/Kakehashi.App.Infrastructure.csproj">
      <Platform Solution="*|x64" Project="x64" />
    </Project>
    <Project Path="src/App/Kakehashi.App/Kakehashi.App.csproj">
      <Platform Solution="*|x64" Project="x64" />
    </Project>
  </Folder>
  <Folder Name="/src/Modules/" />
  <!-- kakehashi:module-projects:begin -->
  <!-- kakehashi:unit-activity:begin -->
  <Folder Name="/src/Modules/Activity/">
    <Project Path="src/Modules/Activity/Kakehashi.Modules.Activity.Application/Kakehashi.Modules.Activity.Application.csproj">
      <Platform Solution="*|x64" Project="x64" />
    </Project>
    <Project Path="src/Modules/Activity/Kakehashi.Modules.Activity.UI/Kakehashi.Modules.Activity.UI.csproj">
      <Platform Solution="*|x64" Project="x64" />
    </Project>
  </Folder>
  <!-- kakehashi:unit-activity:end -->
  <!-- kakehashi:unit-notes:begin -->
  <Folder Name="/src/Modules/Notes/">
    <Project Path="src/Modules/Notes/Kakehashi.Modules.Notes.Application/Kakehashi.Modules.Notes.Application.csproj">
      <Platform Solution="*|x64" Project="x64" />
    </Project>
    <Project Path="src/Modules/Notes/Kakehashi.Modules.Notes.Domain/Kakehashi.Modules.Notes.Domain.csproj">
      <Platform Solution="*|x64" Project="x64" />
    </Project>
    <Project Path="src/Modules/Notes/Kakehashi.Modules.Notes.UI/Kakehashi.Modules.Notes.UI.csproj">
      <Platform Solution="*|x64" Project="x64" />
    </Project>
  </Folder>
  <!-- kakehashi:unit-notes:end -->
  <Folder Name="/src/Modules/Auth/">
    <Project Path="src/Modules/Auth/Kakehashi.Modules.Auth.Application/Kakehashi.Modules.Auth.Application.csproj">
      <Platform Solution="*|x64" Project="x64" />
    </Project>
    <Project Path="src/Modules/Auth/Kakehashi.Modules.Auth.Domain/Kakehashi.Modules.Auth.Domain.csproj">
      <Platform Solution="*|x64" Project="x64" />
    </Project>
    <Project Path="src/Modules/Auth/Kakehashi.Modules.Auth.UI/Kakehashi.Modules.Auth.UI.csproj">
      <Platform Solution="*|x64" Project="x64" />
    </Project>
  </Folder>
  <!-- kakehashi:module-projects:end -->
  <Folder Name="/src/Shared/">
    <Project Path="src/Shared/Kakehashi.Application.Abstractions/Kakehashi.Application.Abstractions.csproj" />
    <Project Path="src/Shared/Kakehashi.Contracts/Kakehashi.Contracts.csproj" />
    <Project Path="src/Shared/Kakehashi.Interoperability/Kakehashi.Interoperability.csproj">
      <Platform Solution="*|x64" Project="x64" />
    </Project>
    <Project Path="src/Shared/Kakehashi.Mediator/Kakehashi.Mediator.csproj" />
    <Project Path="src/Shared/Kakehashi.SharedKernel/Kakehashi.SharedKernel.csproj" />
    <Project Path="src/Shared/Kakehashi.UI.Common/Kakehashi.UI.Common.csproj">
      <Platform Solution="*|x64" Project="x64" />
    </Project>
    <Project Path="src/Shared/Kakehashi.UI.Contracts/Kakehashi.UI.Contracts.csproj">
      <Platform Solution="*|x64" Project="x64" />
    </Project>
  </Folder>
  <Folder Name="/tools/">
    <Project Path="tools/Kakehashi.Analyzers/Kakehashi.Analyzers.csproj" />
    <Project Path="tools/Kakehashi.Analyzers.CodeFixes/Kakehashi.Analyzers.CodeFixes.csproj" />
  </Folder>
  <Folder Name="/tests/">
    <Project Path="tests/Kakehashi.Analyzers.Tests/Kakehashi.Analyzers.Tests.csproj" />
    <Project Path="tests/Kakehashi.App.Infrastructure.Tests/Kakehashi.App.Infrastructure.Tests.csproj" />
    <Project Path="tests/Kakehashi.App.Tests/Kakehashi.App.Tests.csproj">
      <Platform Solution="*|x64" Project="x64" />
    </Project>
    <Project Path="tests/Kakehashi.ArchitectureTests/Kakehashi.ArchitectureTests.csproj" />
    <Project Path="tests/Kakehashi.Mediator.Tests/Kakehashi.Mediator.Tests.csproj" />
    <!-- kakehashi:module-test-projects:begin -->
    <Project Path="tests/Kakehashi.Modules.Auth.Application.Tests/Kakehashi.Modules.Auth.Application.Tests.csproj" />
    <Project Path="tests/Kakehashi.Modules.Auth.Domain.Tests/Kakehashi.Modules.Auth.Domain.Tests.csproj" />
    <Project Path="tests/Kakehashi.Modules.Auth.IntegrationTests/Kakehashi.Modules.Auth.IntegrationTests.csproj" />
    <Project Path="tests/Kakehashi.Modules.Auth.UI.Tests/Kakehashi.Modules.Auth.UI.Tests.csproj">
      <Platform Solution="*|x64" Project="x64" />
    </Project>
    <!-- kakehashi:unit-activity:begin -->
    <Project Path="tests/Kakehashi.Modules.Activity.Application.Tests/Kakehashi.Modules.Activity.Application.Tests.csproj" />
    <Project Path="tests/Kakehashi.Modules.Activity.UI.Tests/Kakehashi.Modules.Activity.UI.Tests.csproj">
      <Platform Solution="*|x64" Project="x64" />
    </Project>
    <!-- kakehashi:unit-activity:end -->
    <!-- kakehashi:unit-notes:begin -->
    <Project Path="tests/Kakehashi.Modules.Notes.Application.Tests/Kakehashi.Modules.Notes.Application.Tests.csproj" />
    <Project Path="tests/Kakehashi.Modules.Notes.Domain.Tests/Kakehashi.Modules.Notes.Domain.Tests.csproj" />
    <Project Path="tests/Kakehashi.Modules.Notes.IntegrationTests/Kakehashi.Modules.Notes.IntegrationTests.csproj" />
    <Project Path="tests/Kakehashi.Modules.Notes.UI.Tests/Kakehashi.Modules.Notes.UI.Tests.csproj">
      <Platform Solution="*|x64" Project="x64" />
    </Project>
    <!-- kakehashi:unit-notes:end -->
    <!-- kakehashi:module-test-projects:end -->
  </Folder>
</Solution>
